// !$*UTF8*$!
{
	archiveVersion = 1;
	classes = {
	};
	objectVersion = 51;
	objects = {

/* Begin PBXBuildFile section */
		0AA06870B51E5B6FD7DE8BCC /* Pods_RJAudioTestDemoTests.framework in Frameworks */ = {isa = PBXBuildFile; fileRef = 908C12889AD5A045ED8102B2 /* Pods_RJAudioTestDemoTests.framework */; };
		42D47EBC6FC792B49907DF5E /* Pods_RJAudioTestDemo.framework in Frameworks */ = {isa = PBXBuildFile; fileRef = A91E021E3C7C978DEB15ECB3 /* Pods_RJAudioTestDemo.framework */; };
		657EA06184068AF547F42BED /* Pods_RJAudioTestDemoUITests.framework in Frameworks */ = {isa = PBXBuildFile; fileRef = 8CECB3DE2EC88909C3578909 /* Pods_RJAudioTestDemoUITests.framework */; };
		BF150A4924E28B5700065072 /* RJAudioSoundColumnView.m in Sources */ = {isa = PBXBuildFile; fileRef = BF150A4824E28B5700065072 /* RJAudioSoundColumnView.m */; };
		BF29539724E3895F002AE0A5 /* RJAudioListViewController.m in Sources */ = {isa = PBXBuildFile; fileRef = BF29539624E3895F002AE0A5 /* RJAudioListViewController.m */; };
		BF29539A24E39499002AE0A5 /* RJAudioPlayerMiniControlView.m in Sources */ = {isa = PBXBuildFile; fileRef = BF29539924E39499002AE0A5 /* RJAudioPlayerMiniControlView.m */; };
		BF29539D24E3C236002AE0A5 /* RJAudioMiniSoundColumnView.m in Sources */ = {isa = PBXBuildFile; fileRef = BF29539C24E3C236002AE0A5 /* RJAudioMiniSoundColumnView.m */; };
		BF2953A424E3D2B2002AE0A5 /* RJAudioColumnItem.m in Sources */ = {isa = PBXBuildFile; fileRef = BF2953A324E3D2B2002AE0A5 /* RJAudioColumnItem.m */; };
		BF3FBF6724DAAB970014E592 /* RJAudioRemoteControlHelper.m in Sources */ = {isa = PBXBuildFile; fileRef = BF3FBF6624DAAB970014E592 /* RJAudioRemoteControlHelper.m */; };
		BF42674C24D2B44100611045 /* RJAudioPlayer.m in Sources */ = {isa = PBXBuildFile; fileRef = BF42674B24D2B44100611045 /* RJAudioPlayer.m */; };
		BF42674F24D2B45800611045 /* RJAudioPlayerViewController.m in Sources */ = {isa = PBXBuildFile; fileRef = BF42674E24D2B45800611045 /* RJAudioPlayerViewController.m */; };
		BF42675424D2C7C600611045 /* 蒲公英的约定.mp3 in Resources */ = {isa = PBXBuildFile; fileRef = BF42675324D2C7C600611045 /* 蒲公英的约定.mp3 */; };
		BF56402624D003EB00C1BFB3 /* RJLargeTapRangeButton.m in Sources */ = {isa = PBXBuildFile; fileRef = BF56402524D003EB00C1BFB3 /* RJLargeTapRangeButton.m */; };
		BF609FF024D3CAFC009FE5E4 /* RJCMTimeTestViewController.m in Sources */ = {isa = PBXBuildFile; fileRef = BF609FEF24D3CAFC009FE5E4 /* RJCMTimeTestViewController.m */; };
		BF6C598924CFD08200C591BA /* RJPerson.m in Sources */ = {isa = PBXBuildFile; fileRef = BF6C598824CFD08200C591BA /* RJPerson.m */; };
		BF7D469C24E22EAE0004B320 /* RJAudioPlayMenuViewController.m in Sources */ = {isa = PBXBuildFile; fileRef = BF7D469B24E22EAE0004B320 /* RJAudioPlayMenuViewController.m */; };
		BF7D469F24E232350004B320 /* UIView+RJAudioFrame.m in Sources */ = {isa = PBXBuildFile; fileRef = BF7D469E24E232350004B320 /* UIView+RJAudioFrame.m */; };
		BF7D46A224E247950004B320 /* RJAudioMenuTableViewCell.m in Sources */ = {isa = PBXBuildFile; fileRef = BF7D46A124E247950004B320 /* RJAudioMenuTableViewCell.m */; };
		BF8E860C24D8FDA8003225EE /* RJAudioGlobalConst.m in Sources */ = {isa = PBXBuildFile; fileRef = BF8E860B24D8FDA8003225EE /* RJAudioGlobalConst.m */; };
		BF8E861224D95F80003225EE /* RJAudioAssertItem.m in Sources */ = {isa = PBXBuildFile; fileRef = BF8E861124D95F80003225EE /* RJAudioAssertItem.m */; };
		BFB84EB924DD308F007D10D4 /* RJAnchorPointViewController.m in Sources */ = {isa = PBXBuildFile; fileRef = BFB84EB824DD308F007D10D4 /* RJAnchorPointViewController.m */; };
		BFCB891A24DA45BF00D9C3F6 /* 偏爱.mp4 in Resources */ = {isa = PBXBuildFile; fileRef = BFCB891924DA45BF00D9C3F6 /* 偏爱.mp4 */; };
		BFD869F824CEBEDC00520011 /* AppDelegate.m in Sources */ = {isa = PBXBuildFile; fileRef = BFD869F724CEBEDC00520011 /* AppDelegate.m */; };
		BFD869FE24CEBEDC00520011 /* ViewController.m in Sources */ = {isa = PBXBuildFile; fileRef = BFD869FD24CEBEDC00520011 /* ViewController.m */; };
		BFD86A0124CEBEDC00520011 /* Main.storyboard in Resources */ = {isa = PBXBuildFile; fileRef = BFD869FF24CEBEDC00520011 /* Main.storyboard */; };
		BFD86A0324CEBEDD00520011 /* Assets.xcassets in Resources */ = {isa = PBXBuildFile; fileRef = BFD86A0224CEBEDD00520011 /* Assets.xcassets */; };
		BFD86A0624CEBEDD00520011 /* LaunchScreen.storyboard in Resources */ = {isa = PBXBuildFile; fileRef = BFD86A0424CEBEDD00520011 /* LaunchScreen.storyboard */; };
		BFD86A0924CEBEDD00520011 /* main.m in Sources */ = {isa = PBXBuildFile; fileRef = BFD86A0824CEBEDD00520011 /* main.m */; };
		BFD86A1324CEBEDD00520011 /* RJAudioTestDemoTests.m in Sources */ = {isa = PBXBuildFile; fileRef = BFD86A1224CEBEDD00520011 /* RJAudioTestDemoTests.m */; };
		BFD86A1E24CEBEDD00520011 /* RJAudioTestDemoUITests.m in Sources */ = {isa = PBXBuildFile; fileRef = BFD86A1D24CEBEDD00520011 /* RJAudioTestDemoUITests.m */; };
		BFD86A2D24CEBF1900520011 /* RJAudioTestViewController.m in Sources */ = {isa = PBXBuildFile; fileRef = BFD86A2C24CEBF1900520011 /* RJAudioTestViewController.m */; };
		BFF3E84124D3FEF200CBA623 /* RJAudioPlayerControlView.m in Sources */ = {isa = PBXBuildFile; fileRef = BFF3E84024D3FEF200CBA623 /* RJAudioPlayerControlView.m */; };
		BFF3E84424D40ECF00CBA623 /* RJSliderView.m in Sources */ = {isa = PBXBuildFile; fileRef = BFF3E84324D40ECF00CBA623 /* RJSliderView.m */; };
		BFFEAD8D24D80EC10089A462 /* RJAudioPlayerController.m in Sources */ = {isa = PBXBuildFile; fileRef = BFFEAD8C24D80EC10089A462 /* RJAudioPlayerController.m */; };
/* End PBXBuildFile section */

/* Begin PBXContainerItemProxy section */
		BFD86A0F24CEBEDD00520011 /* PBXContainerItemProxy */ = {
			isa = PBXContainerItemProxy;
			containerPortal = BFD869EB24CEBEDC00520011 /* Project object */;
			proxyType = 1;
			remoteGlobalIDString = BFD869F224CEBEDC00520011;
			remoteInfo = RJAudioTestDemo;
		};
		BFD86A1A24CEBEDD00520011 /* PBXContainerItemProxy */ = {
			isa = PBXContainerItemProxy;
			containerPortal = BFD869EB24CEBEDC00520011 /* Project object */;
			proxyType = 1;
			remoteGlobalIDString = BFD869F224CEBEDC00520011;
			remoteInfo = RJAudioTestDemo;
		};
/* End PBXContainerItemProxy section */

/* Begin PBXFileReference section */
		0830FE6D153E3250A972BDAD /* Pods-RJAudioTestDemo.release.xcconfig */ = {isa = PBXFileReference; includeInIndex = 1; lastKnownFileType = text.xcconfig; name = "Pods-RJAudioTestDemo.release.xcconfig"; path = "Target Support Files/Pods-RJAudioTestDemo/Pods-RJAudioTestDemo.release.xcconfig"; sourceTree = "<group>"; };
		0DA1D203685D40B11ECE22C5 /* Pods-RJAudioTestDemoTests.release.xcconfig */ = {isa = PBXFileReference; includeInIndex = 1; lastKnownFileType = text.xcconfig; name = "Pods-RJAudioTestDemoTests.release.xcconfig"; path = "Target Support Files/Pods-RJAudioTestDemoTests/Pods-RJAudioTestDemoTests.release.xcconfig"; sourceTree = "<group>"; };
		6680220492AC9EE72A723B03 /* Pods-RJAudioTestDemoUITests.release.xcconfig */ = {isa = PBXFileReference; includeInIndex = 1; lastKnownFileType = text.xcconfig; name = "Pods-RJAudioTestDemoUITests.release.xcconfig"; path = "Target Support Files/Pods-RJAudioTestDemoUITests/Pods-RJAudioTestDemoUITests.release.xcconfig"; sourceTree = "<group>"; };
		765CE429D734343BA87AC882 /* Pods-RJAudioTestDemoTests.debug.xcconfig */ = {isa = PBXFileReference; includeInIndex = 1; lastKnownFileType = text.xcconfig; name = "Pods-RJAudioTestDemoTests.debug.xcconfig"; path = "Target Support Files/Pods-RJAudioTestDemoTests/Pods-RJAudioTestDemoTests.debug.xcconfig"; sourceTree = "<group>"; };
		7715F3DC6D5B0DAD20B0A4A7 /* Pods-RJAudioTestDemoUITests.debug.xcconfig */ = {isa = PBXFileReference; includeInIndex = 1; lastKnownFileType = text.xcconfig; name = "Pods-RJAudioTestDemoUITests.debug.xcconfig"; path = "Target Support Files/Pods-RJAudioTestDemoUITests/Pods-RJAudioTestDemoUITests.debug.xcconfig"; sourceTree = "<group>"; };
		83AD9106C8AFE3C1F8CF3366 /* Pods-RJAudioTestDemo.debug.xcconfig */ = {isa = PBXFileReference; includeInIndex = 1; lastKnownFileType = text.xcconfig; name = "Pods-RJAudioTestDemo.debug.xcconfig"; path = "Target Support Files/Pods-RJAudioTestDemo/Pods-RJAudioTestDemo.debug.xcconfig"; sourceTree = "<group>"; };
		8CECB3DE2EC88909C3578909 /* Pods_RJAudioTestDemoUITests.framework */ = {isa = PBXFileReference; explicitFileType = wrapper.framework; includeInIndex = 0; path = Pods_RJAudioTestDemoUITests.framework; sourceTree = BUILT_PRODUCTS_DIR; };
		908C12889AD5A045ED8102B2 /* Pods_RJAudioTestDemoTests.framework */ = {isa = PBXFileReference; explicitFileType = wrapper.framework; includeInIndex = 0; path = Pods_RJAudioTestDemoTests.framework; sourceTree = BUILT_PRODUCTS_DIR; };
		A91E021E3C7C978DEB15ECB3 /* Pods_RJAudioTestDemo.framework */ = {isa = PBXFileReference; explicitFileType = wrapper.framework; includeInIndex = 0; path = Pods_RJAudioTestDemo.framework; sourceTree = BUILT_PRODUCTS_DIR; };
		BF150A4724E28B5700065072 /* RJAudioSoundColumnView.h */ = {isa = PBXFileReference; lastKnownFileType = sourcecode.c.h; path = RJAudioSoundColumnView.h; sourceTree = "<group>"; };
		BF150A4824E28B5700065072 /* RJAudioSoundColumnView.m */ = {isa = PBXFileReference; lastKnownFileType = sourcecode.c.objc; path = RJAudioSoundColumnView.m; sourceTree = "<group>"; };
		BF1D666924D7A81700FE9720 /* RJAudioConst.h */ = {isa = PBXFileReference; lastKnownFileType = sourcecode.c.h; path = RJAudioConst.h; sourceTree = "<group>"; };
		BF29539524E3895F002AE0A5 /* RJAudioListViewController.h */ = {isa = PBXFileReference; lastKnownFileType = sourcecode.c.h; path = RJAudioListViewController.h; sourceTree = "<group>"; };
		BF29539624E3895F002AE0A5 /* RJAudioListViewController.m */ = {isa = PBXFileReference; lastKnownFileType = sourcecode.c.objc; path = RJAudioListViewController.m; sourceTree = "<group>"; };
		BF29539824E39499002AE0A5 /* RJAudioPlayerMiniControlView.h */ = {isa = PBXFileReference; lastKnownFileType = sourcecode.c.h; path = RJAudioPlayerMiniControlView.h; sourceTree = "<group>"; };
		BF29539924E39499002AE0A5 /* RJAudioPlayerMiniControlView.m */ = {isa = PBXFileReference; lastKnownFileType = sourcecode.c.objc; path = RJAudioPlayerMiniControlView.m; sourceTree = "<group>"; };
		BF29539B24E3C236002AE0A5 /* RJAudioMiniSoundColumnView.h */ = {isa = PBXFileReference; lastKnownFileType = sourcecode.c.h; path = RJAudioMiniSoundColumnView.h; sourceTree = "<group>"; };
		BF29539C24E3C236002AE0A5 /* RJAudioMiniSoundColumnView.m */ = {isa = PBXFileReference; lastKnownFileType = sourcecode.c.objc; path = RJAudioMiniSoundColumnView.m; sourceTree = "<group>"; };
		BF2953A224E3D2B2002AE0A5 /* RJAudioColumnItem.h */ = {isa = PBXFileReference; lastKnownFileType = sourcecode.c.h; path = RJAudioColumnItem.h; sourceTree = "<group>"; };
		BF2953A324E3D2B2002AE0A5 /* RJAudioColumnItem.m */ = {isa = PBXFileReference; lastKnownFileType = sourcecode.c.objc; path = RJAudioColumnItem.m; sourceTree = "<group>"; };
		BF3FBF6524DAAB970014E592 /* RJAudioRemoteControlHelper.h */ = {isa = PBXFileReference; lastKnownFileType = sourcecode.c.h; path = RJAudioRemoteControlHelper.h; sourceTree = "<group>"; };
		BF3FBF6624DAAB970014E592 /* RJAudioRemoteControlHelper.m */ = {isa = PBXFileReference; lastKnownFileType = sourcecode.c.objc; path = RJAudioRemoteControlHelper.m; sourceTree = "<group>"; };
		BF42674A24D2B44100611045 /* RJAudioPlayer.h */ = {isa = PBXFileReference; lastKnownFileType = sourcecode.c.h; path = RJAudioPlayer.h; sourceTree = "<group>"; };
		BF42674B24D2B44100611045 /* RJAudioPlayer.m */ = {isa = PBXFileReference; lastKnownFileType = sourcecode.c.objc; path = RJAudioPlayer.m; sourceTree = "<group>"; };
		BF42674D24D2B45800611045 /* RJAudioPlayerViewController.h */ = {isa = PBXFileReference; lastKnownFileType = sourcecode.c.h; path = RJAudioPlayerViewController.h; sourceTree = "<group>"; };
		BF42674E24D2B45800611045 /* RJAudioPlayerViewController.m */ = {isa = PBXFileReference; lastKnownFileType = sourcecode.c.objc; path = RJAudioPlayerViewController.m; sourceTree = "<group>"; };
		BF42675324D2C7C600611045 /* 蒲公英的约定.mp3 */ = {isa = PBXFileReference; lastKnownFileType = audio.mp3; path = "蒲公英的约定.mp3"; sourceTree = "<group>"; };
		BF56402424D003EB00C1BFB3 /* RJLargeTapRangeButton.h */ = {isa = PBXFileReference; lastKnownFileType = sourcecode.c.h; path = RJLargeTapRangeButton.h; sourceTree = "<group>"; };
		BF56402524D003EB00C1BFB3 /* RJLargeTapRangeButton.m */ = {isa = PBXFileReference; lastKnownFileType = sourcecode.c.objc; path = RJLargeTapRangeButton.m; sourceTree = "<group>"; };
		BF609FEE24D3CAFC009FE5E4 /* RJCMTimeTestViewController.h */ = {isa = PBXFileReference; lastKnownFileType = sourcecode.c.h; path = RJCMTimeTestViewController.h; sourceTree = "<group>"; };
		BF609FEF24D3CAFC009FE5E4 /* RJCMTimeTestViewController.m */ = {isa = PBXFileReference; lastKnownFileType = sourcecode.c.objc; path = RJCMTimeTestViewController.m; sourceTree = "<group>"; };
		BF6C598724CFD08200C591BA /* RJPerson.h */ = {isa = PBXFileReference; lastKnownFileType = sourcecode.c.h; path = RJPerson.h; sourceTree = "<group>"; };
		BF6C598824CFD08200C591BA /* RJPerson.m */ = {isa = PBXFileReference; lastKnownFileType = sourcecode.c.objc; path = RJPerson.m; sourceTree = "<group>"; };
		BF7D469A24E22EAE0004B320 /* RJAudioPlayMenuViewController.h */ = {isa = PBXFileReference; lastKnownFileType = sourcecode.c.h; path = RJAudioPlayMenuViewController.h; sourceTree = "<group>"; };
		BF7D469B24E22EAE0004B320 /* RJAudioPlayMenuViewController.m */ = {isa = PBXFileReference; lastKnownFileType = sourcecode.c.objc; path = RJAudioPlayMenuViewController.m; sourceTree = "<group>"; };
		BF7D469D24E232350004B320 /* UIView+RJAudioFrame.h */ = {isa = PBXFileReference; lastKnownFileType = sourcecode.c.h; path = "UIView+RJAudioFrame.h"; sourceTree = "<group>"; };
		BF7D469E24E232350004B320 /* UIView+RJAudioFrame.m */ = {isa = PBXFileReference; lastKnownFileType = sourcecode.c.objc; path = "UIView+RJAudioFrame.m"; sourceTree = "<group>"; };
		BF7D46A024E247950004B320 /* RJAudioMenuTableViewCell.h */ = {isa = PBXFileReference; lastKnownFileType = sourcecode.c.h; path = RJAudioMenuTableViewCell.h; sourceTree = "<group>"; };
		BF7D46A124E247950004B320 /* RJAudioMenuTableViewCell.m */ = {isa = PBXFileReference; lastKnownFileType = sourcecode.c.objc; path = RJAudioMenuTableViewCell.m; sourceTree = "<group>"; };
		BF8E7D5B24E5258E009D1C65 /* RJAudioPlayerViewControllerProtocol.h */ = {isa = PBXFileReference; lastKnownFileType = sourcecode.c.h; path = RJAudioPlayerViewControllerProtocol.h; sourceTree = "<group>"; };
		BF8E860A24D8FDA8003225EE /* RJAudioGlobalConst.h */ = {isa = PBXFileReference; lastKnownFileType = sourcecode.c.h; path = RJAudioGlobalConst.h; sourceTree = "<group>"; };
		BF8E860B24D8FDA8003225EE /* RJAudioGlobalConst.m */ = {isa = PBXFileReference; lastKnownFileType = sourcecode.c.objc; path = RJAudioGlobalConst.m; sourceTree = "<group>"; };
		BF8E861024D95F80003225EE /* RJAudioAssertItem.h */ = {isa = PBXFileReference; lastKnownFileType = sourcecode.c.h; path = RJAudioAssertItem.h; sourceTree = "<group>"; };
		BF8E861124D95F80003225EE /* RJAudioAssertItem.m */ = {isa = PBXFileReference; lastKnownFileType = sourcecode.c.objc; path = RJAudioAssertItem.m; sourceTree = "<group>"; };
		BFB84EB724DD308F007D10D4 /* RJAnchorPointViewController.h */ = {isa = PBXFileReference; lastKnownFileType = sourcecode.c.h; path = RJAnchorPointViewController.h; sourceTree = "<group>"; };
		BFB84EB824DD308F007D10D4 /* RJAnchorPointViewController.m */ = {isa = PBXFileReference; lastKnownFileType = sourcecode.c.objc; path = RJAnchorPointViewController.m; sourceTree = "<group>"; };
		BFCB891924DA45BF00D9C3F6 /* 偏爱.mp4 */ = {isa = PBXFileReference; lastKnownFileType = file; path = "偏爱.mp4"; sourceTree = "<group>"; };
		BFD869F324CEBEDC00520011 /* RJAudioTestDemo.app */ = {isa = PBXFileReference; explicitFileType = wrapper.application; includeInIndex = 0; path = RJAudioTestDemo.app; sourceTree = BUILT_PRODUCTS_DIR; };
		BFD869F624CEBEDC00520011 /* AppDelegate.h */ = {isa = PBXFileReference; lastKnownFileType = sourcecode.c.h; path = AppDelegate.h; sourceTree = "<group>"; };
		BFD869F724CEBEDC00520011 /* AppDelegate.m */ = {isa = PBXFileReference; lastKnownFileType = sourcecode.c.objc; path = AppDelegate.m; sourceTree = "<group>"; };
		BFD869FC24CEBEDC00520011 /* ViewController.h */ = {isa = PBXFileReference; lastKnownFileType = sourcecode.c.h; path = ViewController.h; sourceTree = "<group>"; };
		BFD869FD24CEBEDC00520011 /* ViewController.m */ = {isa = PBXFileReference; lastKnownFileType = sourcecode.c.objc; path = ViewController.m; sourceTree = "<group>"; };
		BFD86A0024CEBEDC00520011 /* Base */ = {isa = PBXFileReference; lastKnownFileType = file.storyboard; name = Base; path = Base.lproj/Main.storyboard; sourceTree = "<group>"; };
		BFD86A0224CEBEDD00520011 /* Assets.xcassets */ = {isa = PBXFileReference; lastKnownFileType = folder.assetcatalog; path = Assets.xcassets; sourceTree = "<group>"; };
		BFD86A0524CEBEDD00520011 /* Base */ = {isa = PBXFileReference; lastKnownFileType = file.storyboard; name = Base; path = Base.lproj/LaunchScreen.storyboard; sourceTree = "<group>"; };
		BFD86A0724CEBEDD00520011 /* Info.plist */ = {isa = PBXFileReference; lastKnownFileType = text.plist.xml; path = Info.plist; sourceTree = "<group>"; };
		BFD86A0824CEBEDD00520011 /* main.m */ = {isa = PBXFileReference; lastKnownFileType = sourcecode.c.objc; path = main.m; sourceTree = "<group>"; };
		BFD86A0E24CEBEDD00520011 /* RJAudioTestDemoTests.xctest */ = {isa = PBXFileReference; explicitFileType = wrapper.cfbundle; includeInIndex = 0; path = RJAudioTestDemoTests.xctest; sourceTree = BUILT_PRODUCTS_DIR; };
		BFD86A1224CEBEDD00520011 /* RJAudioTestDemoTests.m */ = {isa = PBXFileReference; lastKnownFileType = sourcecode.c.objc; path = RJAudioTestDemoTests.m; sourceTree = "<group>"; };
		BFD86A1424CEBEDD00520011 /* Info.plist */ = {isa = PBXFileReference; lastKnownFileType = text.plist.xml; path = Info.plist; sourceTree = "<group>"; };
		BFD86A1924CEBEDD00520011 /* RJAudioTestDemoUITests.xctest */ = {isa = PBXFileReference; explicitFileType = wrapper.cfbundle; includeInIndex = 0; path = RJAudioTestDemoUITests.xctest; sourceTree = BUILT_PRODUCTS_DIR; };
		BFD86A1D24CEBEDD00520011 /* RJAudioTestDemoUITests.m */ = {isa = PBXFileReference; lastKnownFileType = sourcecode.c.objc; path = RJAudioTestDemoUITests.m; sourceTree = "<group>"; };
		BFD86A1F24CEBEDD00520011 /* Info.plist */ = {isa = PBXFileReference; lastKnownFileType = text.plist.xml; path = Info.plist; sourceTree = "<group>"; };
		BFD86A2B24CEBF1900520011 /* RJAudioTestViewController.h */ = {isa = PBXFileReference; lastKnownFileType = sourcecode.c.h; path = RJAudioTestViewController.h; sourceTree = "<group>"; };
		BFD86A2C24CEBF1900520011 /* RJAudioTestViewController.m */ = {isa = PBXFileReference; lastKnownFileType = sourcecode.c.objc; path = RJAudioTestViewController.m; sourceTree = "<group>"; };
		BFF3E83F24D3FEF200CBA623 /* RJAudioPlayerControlView.h */ = {isa = PBXFileReference; lastKnownFileType = sourcecode.c.h; path = RJAudioPlayerControlView.h; sourceTree = "<group>"; };
		BFF3E84024D3FEF200CBA623 /* RJAudioPlayerControlView.m */ = {isa = PBXFileReference; lastKnownFileType = sourcecode.c.objc; path = RJAudioPlayerControlView.m; sourceTree = "<group>"; };
		BFF3E84224D40ECF00CBA623 /* RJSliderView.h */ = {isa = PBXFileReference; lastKnownFileType = sourcecode.c.h; path = RJSliderView.h; sourceTree = "<group>"; };
		BFF3E84324D40ECF00CBA623 /* RJSliderView.m */ = {isa = PBXFileReference; lastKnownFileType = sourcecode.c.objc; path = RJSliderView.m; sourceTree = "<group>"; };
		BFFEAD8B24D80EC10089A462 /* RJAudioPlayerController.h */ = {isa = PBXFileReference; lastKnownFileType = sourcecode.c.h; path = RJAudioPlayerController.h; sourceTree = "<group>"; };
		BFFEAD8C24D80EC10089A462 /* RJAudioPlayerController.m */ = {isa = PBXFileReference; lastKnownFileType = sourcecode.c.objc; path = RJAudioPlayerController.m; sourceTree = "<group>"; };
/* End PBXFileReference section */

/* Begin PBXFrameworksBuildPhase section */
		BFD869F024CEBEDC00520011 /* Frameworks */ = {
			isa = PBXFrameworksBuildPhase;
			buildActionMask = 2147483647;
			files = (
				42D47EBC6FC792B49907DF5E /* Pods_RJAudioTestDemo.framework in Frameworks */,
			);
			runOnlyForDeploymentPostprocessing = 0;
		};
		BFD86A0B24CEBEDD00520011 /* Frameworks */ = {
			isa = PBXFrameworksBuildPhase;
			buildActionMask = 2147483647;
			files = (
				0AA06870B51E5B6FD7DE8BCC /* Pods_RJAudioTestDemoTests.framework in Frameworks */,
			);
			runOnlyForDeploymentPostprocessing = 0;
		};
		BFD86A1624CEBEDD00520011 /* Frameworks */ = {
			isa = PBXFrameworksBuildPhase;
			buildActionMask = 2147483647;
			files = (
				657EA06184068AF547F42BED /* Pods_RJAudioTestDemoUITests.framework in Frameworks */,
			);
			runOnlyForDeploymentPostprocessing = 0;
		};
/* End PBXFrameworksBuildPhase section */

/* Begin PBXGroup section */
		4F4B4FF2429A9589A7ECA2CD /* Frameworks */ = {
			isa = PBXGroup;
			children = (
				A91E021E3C7C978DEB15ECB3 /* Pods_RJAudioTestDemo.framework */,
				908C12889AD5A045ED8102B2 /* Pods_RJAudioTestDemoTests.framework */,
				8CECB3DE2EC88909C3578909 /* Pods_RJAudioTestDemoUITests.framework */,
			);
			name = Frameworks;
			sourceTree = "<group>";
		};
		93803E72C65D491EC55C1233 /* Pods */ = {
			isa = PBXGroup;
			children = (
				83AD9106C8AFE3C1F8CF3366 /* Pods-RJAudioTestDemo.debug.xcconfig */,
				0830FE6D153E3250A972BDAD /* Pods-RJAudioTestDemo.release.xcconfig */,
				765CE429D734343BA87AC882 /* Pods-RJAudioTestDemoTests.debug.xcconfig */,
				0DA1D203685D40B11ECE22C5 /* Pods-RJAudioTestDemoTests.release.xcconfig */,
				7715F3DC6D5B0DAD20B0A4A7 /* Pods-RJAudioTestDemoUITests.debug.xcconfig */,
				6680220492AC9EE72A723B03 /* Pods-RJAudioTestDemoUITests.release.xcconfig */,
			);
			path = Pods;
			sourceTree = "<group>";
		};
		BF02E1CC24E4CC170038CF5A /* UIKIt */ = {
			isa = PBXGroup;
			children = (
				BF1D666924D7A81700FE9720 /* RJAudioConst.h */,
				BF8E860A24D8FDA8003225EE /* RJAudioGlobalConst.h */,
				BF8E860B24D8FDA8003225EE /* RJAudioGlobalConst.m */,
				BF7D469D24E232350004B320 /* UIView+RJAudioFrame.h */,
				BF7D469E24E232350004B320 /* UIView+RJAudioFrame.m */,
			);
			path = UIKIt;
			sourceTree = "<group>";
		};
		BF02E1CD24E4CC2D0038CF5A /* Player */ = {
			isa = PBXGroup;
			children = (
				BF42674A24D2B44100611045 /* RJAudioPlayer.h */,
				BF42674B24D2B44100611045 /* RJAudioPlayer.m */,
				BF3FBF6524DAAB970014E592 /* RJAudioRemoteControlHelper.h */,
				BF3FBF6624DAAB970014E592 /* RJAudioRemoteControlHelper.m */,
			);
			path = Player;
			sourceTree = "<group>";
		};
		BF02E1CE24E4CC4E0038CF5A /* Controller */ = {
			isa = PBXGroup;
			children = (
				BFFEAD8B24D80EC10089A462 /* RJAudioPlayerController.h */,
				BFFEAD8C24D80EC10089A462 /* RJAudioPlayerController.m */,
				BF8E861024D95F80003225EE /* RJAudioAssertItem.h */,
				BF8E861124D95F80003225EE /* RJAudioAssertItem.m */,
			);
			path = Controller;
			sourceTree = "<group>";
		};
		BF2953A124E3D284002AE0A5 /* SoundColumn */ = {
			isa = PBXGroup;
			children = (
				BF150A4724E28B5700065072 /* RJAudioSoundColumnView.h */,
				BF150A4824E28B5700065072 /* RJAudioSoundColumnView.m */,
				BF29539B24E3C236002AE0A5 /* RJAudioMiniSoundColumnView.h */,
				BF29539C24E3C236002AE0A5 /* RJAudioMiniSoundColumnView.m */,
				BF2953A224E3D2B2002AE0A5 /* RJAudioColumnItem.h */,
				BF2953A324E3D2B2002AE0A5 /* RJAudioColumnItem.m */,
			);
			path = SoundColumn;
			sourceTree = "<group>";
		};
		BF2953A524E3D384002AE0A5 /* PlayMenu */ = {
			isa = PBXGroup;
			children = (
				BF7D469A24E22EAE0004B320 /* RJAudioPlayMenuViewController.h */,
				BF7D469B24E22EAE0004B320 /* RJAudioPlayMenuViewController.m */,
				BF7D46A024E247950004B320 /* RJAudioMenuTableViewCell.h */,
				BF7D46A124E247950004B320 /* RJAudioMenuTableViewCell.m */,
			);
			path = PlayMenu;
			sourceTree = "<group>";
		};
		BF2953A624E3D3AF002AE0A5 /* ControlView */ = {
			isa = PBXGroup;
			children = (
				BFF3E83F24D3FEF200CBA623 /* RJAudioPlayerControlView.h */,
				BFF3E84024D3FEF200CBA623 /* RJAudioPlayerControlView.m */,
				BF29539824E39499002AE0A5 /* RJAudioPlayerMiniControlView.h */,
				BF29539924E39499002AE0A5 /* RJAudioPlayerMiniControlView.m */,
				BFF3E84224D40ECF00CBA623 /* RJSliderView.h */,
				BFF3E84324D40ECF00CBA623 /* RJSliderView.m */,
			);
			path = ControlView;
			sourceTree = "<group>";
		};
		BF2953A724E3D5A4002AE0A5 /* ViewController */ = {
			isa = PBXGroup;
			children = (
				BF8E7D5B24E5258E009D1C65 /* RJAudioPlayerViewControllerProtocol.h */,
				BF29539524E3895F002AE0A5 /* RJAudioListViewController.h */,
				BF29539624E3895F002AE0A5 /* RJAudioListViewController.m */,
				BF42674D24D2B45800611045 /* RJAudioPlayerViewController.h */,
				BF42674E24D2B45800611045 /* RJAudioPlayerViewController.m */,
			);
			path = ViewController;
			sourceTree = "<group>";
		};
		BF42674824D2B41C00611045 /* Test */ = {
			isa = PBXGroup;
			children = (
				BF609FEE24D3CAFC009FE5E4 /* RJCMTimeTestViewController.h */,
				BF609FEF24D3CAFC009FE5E4 /* RJCMTimeTestViewController.m */,
				BFD86A2B24CEBF1900520011 /* RJAudioTestViewController.h */,
				BFD86A2C24CEBF1900520011 /* RJAudioTestViewController.m */,
				BF6C598724CFD08200C591BA /* RJPerson.h */,
				BF6C598824CFD08200C591BA /* RJPerson.m */,
				BF56402424D003EB00C1BFB3 /* RJLargeTapRangeButton.h */,
				BF56402524D003EB00C1BFB3 /* RJLargeTapRangeButton.m */,
				BFB84EB724DD308F007D10D4 /* RJAnchorPointViewController.h */,
				BFB84EB824DD308F007D10D4 /* RJAnchorPointViewController.m */,
			);
			path = Test;
			sourceTree = "<group>";
		};
		BF42674924D2B42D00611045 /* Audio */ = {
			isa = PBXGroup;
			children = (
				BF02E1CC24E4CC170038CF5A /* UIKIt */,
				BF2953A724E3D5A4002AE0A5 /* ViewController */,
				BF02E1CE24E4CC4E0038CF5A /* Controller */,
				BF02E1CD24E4CC2D0038CF5A /* Player */,
				BF2953A624E3D3AF002AE0A5 /* ControlView */,
				BF2953A524E3D384002AE0A5 /* PlayMenu */,
				BF2953A124E3D284002AE0A5 /* SoundColumn */,
			);
			path = Audio;
			sourceTree = "<group>";
		};
		BF42675024D2C47800611045 /* mp3 */ = {
			isa = PBXGroup;
			children = (
				BFCB891924DA45BF00D9C3F6 /* 偏爱.mp4 */,
				BF42675324D2C7C600611045 /* 蒲公英的约定.mp3 */,
			);
			path = mp3;
			sourceTree = "<group>";
		};
		BFD869EA24CEBEDC00520011 = {
			isa = PBXGroup;
			children = (
				BFD869F524CEBEDC00520011 /* RJAudioTestDemo */,
				BFD86A1124CEBEDD00520011 /* RJAudioTestDemoTests */,
				BFD86A1C24CEBEDD00520011 /* RJAudioTestDemoUITests */,
				BFD869F424CEBEDC00520011 /* Products */,
				93803E72C65D491EC55C1233 /* Pods */,
				4F4B4FF2429A9589A7ECA2CD /* Frameworks */,
			);
			sourceTree = "<group>";
		};
		BFD869F424CEBEDC00520011 /* Products */ = {
			isa = PBXGroup;
			children = (
				BFD869F324CEBEDC00520011 /* RJAudioTestDemo.app */,
				BFD86A0E24CEBEDD00520011 /* RJAudioTestDemoTests.xctest */,
				BFD86A1924CEBEDD00520011 /* RJAudioTestDemoUITests.xctest */,
			);
			name = Products;
			sourceTree = "<group>";
		};
		BFD869F524CEBEDC00520011 /* RJAudioTestDemo */ = {
			isa = PBXGroup;
			children = (
				BF42674924D2B42D00611045 /* Audio */,
				BF42674824D2B41C00611045 /* Test */,
				BFD869F624CEBEDC00520011 /* AppDelegate.h */,
				BFD869F724CEBEDC00520011 /* AppDelegate.m */,
				BFD869FC24CEBEDC00520011 /* ViewController.h */,
				BFD869FD24CEBEDC00520011 /* ViewController.m */,
				BFD869FF24CEBEDC00520011 /* Main.storyboard */,
				BFD86A0224CEBEDD00520011 /* Assets.xcassets */,
				BFD86A0424CEBEDD00520011 /* LaunchScreen.storyboard */,
				BFD86A0724CEBEDD00520011 /* Info.plist */,
				BFD86A0824CEBEDD00520011 /* main.m */,
				BF42675024D2C47800611045 /* mp3 */,
			);
			path = RJAudioTestDemo;
			sourceTree = "<group>";
		};
		BFD86A1124CEBEDD00520011 /* RJAudioTestDemoTests */ = {
			isa = PBXGroup;
			children = (
				BFD86A1224CEBEDD00520011 /* RJAudioTestDemoTests.m */,
				BFD86A1424CEBEDD00520011 /* Info.plist */,
			);
			path = RJAudioTestDemoTests;
			sourceTree = "<group>";
		};
		BFD86A1C24CEBEDD00520011 /* RJAudioTestDemoUITests */ = {
			isa = PBXGroup;
			children = (
				BFD86A1D24CEBEDD00520011 /* RJAudioTestDemoUITests.m */,
				BFD86A1F24CEBEDD00520011 /* Info.plist */,
			);
			path = RJAudioTestDemoUITests;
			sourceTree = "<group>";
		};
/* End PBXGroup section */

/* Begin PBXNativeTarget section */
		BFD869F224CEBEDC00520011 /* RJAudioTestDemo */ = {
			isa = PBXNativeTarget;
			buildConfigurationList = BFD86A2224CEBEDD00520011 /* Build configuration list for PBXNativeTarget "RJAudioTestDemo" */;
			buildPhases = (
				54A80F030CE380AB03AA8210 /* [CP] Check Pods Manifest.lock */,
				BFD869EF24CEBEDC00520011 /* Sources */,
				BFD869F024CEBEDC00520011 /* Frameworks */,
				BFD869F124CEBEDC00520011 /* Resources */,
				25BED4CF4B3D09AF404CF526 /* [CP] Embed Pods Frameworks */,
			);
			buildRules = (
			);
			dependencies = (
			);
			name = RJAudioTestDemo;
			productName = RJAudioTestDemo;
			productReference = BFD869F324CEBEDC00520011 /* RJAudioTestDemo.app */;
			productType = "com.apple.product-type.application";
		};
		BFD86A0D24CEBEDD00520011 /* RJAudioTestDemoTests */ = {
			isa = PBXNativeTarget;
			buildConfigurationList = BFD86A2524CEBEDD00520011 /* Build configuration list for PBXNativeTarget "RJAudioTestDemoTests" */;
			buildPhases = (
				5E7388639B8DDFAA89F3AD74 /* [CP] Check Pods Manifest.lock */,
				BFD86A0A24CEBEDD00520011 /* Sources */,
				BFD86A0B24CEBEDD00520011 /* Frameworks */,
				BFD86A0C24CEBEDD00520011 /* Resources */,
			);
			buildRules = (
			);
			dependencies = (
				BFD86A1024CEBEDD00520011 /* PBXTargetDependency */,
			);
			name = RJAudioTestDemoTests;
			productName = RJAudioTestDemoTests;
			productReference = BFD86A0E24CEBEDD00520011 /* RJAudioTestDemoTests.xctest */;
			productType = "com.apple.product-type.bundle.unit-test";
		};
		BFD86A1824CEBEDD00520011 /* RJAudioTestDemoUITests */ = {
			isa = PBXNativeTarget;
			buildConfigurationList = BFD86A2824CEBEDD00520011 /* Build configuration list for PBXNativeTarget "RJAudioTestDemoUITests" */;
			buildPhases = (
				4973D232E0DD35D8C1825257 /* [CP] Check Pods Manifest.lock */,
				BFD86A1524CEBEDD00520011 /* Sources */,
				BFD86A1624CEBEDD00520011 /* Frameworks */,
				BFD86A1724CEBEDD00520011 /* Resources */,
			);
			buildRules = (
			);
			dependencies = (
				BFD86A1B24CEBEDD00520011 /* PBXTargetDependency */,
			);
			name = RJAudioTestDemoUITests;
			productName = RJAudioTestDemoUITests;
			productReference = BFD86A1924CEBEDD00520011 /* RJAudioTestDemoUITests.xctest */;
			productType = "com.apple.product-type.bundle.ui-testing";
		};
/* End PBXNativeTarget section */

/* Begin PBXProject section */
		BFD869EB24CEBEDC00520011 /* Project object */ = {
			isa = PBXProject;
			attributes = {
				CLASSPREFIX = RJ;
				LastUpgradeCheck = 1160;
				ORGANIZATIONNAME = RJSoft;
				TargetAttributes = {
					BFD869F224CEBEDC00520011 = {
						CreatedOnToolsVersion = 11.6;
					};
					BFD86A0D24CEBEDD00520011 = {
						CreatedOnToolsVersion = 11.6;
						TestTargetID = BFD869F224CEBEDC00520011;
					};
					BFD86A1824CEBEDD00520011 = {
						CreatedOnToolsVersion = 11.6;
						TestTargetID = BFD869F224CEBEDC00520011;
					};
				};
			};
			buildConfigurationList = BFD869EE24CEBEDC00520011 /* Build configuration list for PBXProject "RJAudioTestDemo" */;
			compatibilityVersion = "Xcode 9.3";
			developmentRegion = en;
			hasScannedForEncodings = 0;
			knownRegions = (
				en,
				Base,
			);
			mainGroup = BFD869EA24CEBEDC00520011;
			productRefGroup = BFD869F424CEBEDC00520011 /* Products */;
			projectDirPath = "";
			projectRoot = "";
			targets = (
				BFD869F224CEBEDC00520011 /* RJAudioTestDemo */,
				BFD86A0D24CEBEDD00520011 /* RJAudioTestDemoTests */,
				BFD86A1824CEBEDD00520011 /* RJAudioTestDemoUITests */,
			);
		};
/* End PBXProject section */

/* Begin PBXResourcesBuildPhase section */
		BFD869F124CEBEDC00520011 /* Resources */ = {
			isa = PBXResourcesBuildPhase;
			buildActionMask = 2147483647;
			files = (
				BFD86A0624CEBEDD00520011 /* LaunchScreen.storyboard in Resources */,
				BFCB891A24DA45BF00D9C3F6 /* 偏爱.mp4 in Resources */,
				BFD86A0324CEBEDD00520011 /* Assets.xcassets in Resources */,
				BFD86A0124CEBEDC00520011 /* Main.storyboard in Resources */,
				BF42675424D2C7C600611045 /* 蒲公英的约定.mp3 in Resources */,
			);
			runOnlyForDeploymentPostprocessing = 0;
		};
		BFD86A0C24CEBEDD00520011 /* Resources */ = {
			isa = PBXResourcesBuildPhase;
			buildActionMask = 2147483647;
			files = (
			);
			runOnlyForDeploymentPostprocessing = 0;
		};
		BFD86A1724CEBEDD00520011 /* Resources */ = {
			isa = PBXResourcesBuildPhase;
			buildActionMask = 2147483647;
			files = (
			);
			runOnlyForDeploymentPostprocessing = 0;
		};
/* End PBXResourcesBuildPhase section */

/* Begin PBXShellScriptBuildPhase section */
		25BED4CF4B3D09AF404CF526 /* [CP] Embed Pods Frameworks */ = {
			isa = PBXShellScriptBuildPhase;
			buildActionMask = 2147483647;
			files = (
			);
			inputFileListPaths = (
				"${PODS_ROOT}/Target Support Files/Pods-RJAudioTestDemo/Pods-RJAudioTestDemo-frameworks-${CONFIGURATION}-input-files.xcfilelist",
			);
			name = "[CP] Embed Pods Frameworks";
			outputFileListPaths = (
				"${PODS_ROOT}/Target Support Files/Pods-RJAudioTestDemo/Pods-RJAudioTestDemo-frameworks-${CONFIGURATION}-output-files.xcfilelist",
			);
			runOnlyForDeploymentPostprocessing = 0;
			shellPath = /bin/sh;
			shellScript = "\"${PODS_ROOT}/Target Support Files/Pods-RJAudioTestDemo/Pods-RJAudioTestDemo-frameworks.sh\"\n";
			showEnvVarsInLog = 0;
		};
		4973D232E0DD35D8C1825257 /* [CP] Check Pods Manifest.lock */ = {
			isa = PBXShellScriptBuildPhase;
			buildActionMask = 2147483647;
			files = (
			);
			inputFileListPaths = (
			);
			inputPaths = (
				"${PODS_PODFILE_DIR_PATH}/Podfile.lock",
				"${PODS_ROOT}/Manifest.lock",
			);
			name = "[CP] Check Pods Manifest.lock";
			outputFileListPaths = (
			);
			outputPaths = (
				"$(DERIVED_FILE_DIR)/Pods-RJAudioTestDemoUITests-checkManifestLockResult.txt",
			);
			runOnlyForDeploymentPostprocessing = 0;
			shellPath = /bin/sh;
			shellScript = "diff \"${PODS_PODFILE_DIR_PATH}/Podfile.lock\" \"${PODS_ROOT}/Manifest.lock\" > /dev/null\nif [ $? != 0 ] ; then\n    # print error to STDERR\n    echo \"error: The sandbox is not in sync with the Podfile.lock. Run 'pod install' or update your CocoaPods installation.\" >&2\n    exit 1\nfi\n# This output is used by Xcode 'outputs' to avoid re-running this script phase.\necho \"SUCCESS\" > \"${SCRIPT_OUTPUT_FILE_0}\"\n";
			showEnvVarsInLog = 0;
		};
		54A80F030CE380AB03AA8210 /* [CP] Check Pods Manifest.lock */ = {
			isa = PBXShellScriptBuildPhase;
			buildActionMask = 2147483647;
			files = (
			);
			inputFileListPaths = (
			);
			inputPaths = (
				"${PODS_PODFILE_DIR_PATH}/Podfile.lock",
				"${PODS_ROOT}/Manifest.lock",
			);
			name = "[CP] Check Pods Manifest.lock";
			outputFileListPaths = (
			);
			outputPaths = (
				"$(DERIVED_FILE_DIR)/Pods-RJAudioTestDemo-checkManifestLockResult.txt",
			);
			runOnlyForDeploymentPostprocessing = 0;
			shellPath = /bin/sh;
			shellScript = "diff \"${PODS_PODFILE_DIR_PATH}/Podfile.lock\" \"${PODS_ROOT}/Manifest.lock\" > /dev/null\nif [ $? != 0 ] ; then\n    # print error to STDERR\n    echo \"error: The sandbox is not in sync with the Podfile.lock. Run 'pod install' or update your CocoaPods installation.\" >&2\n    exit 1\nfi\n# This output is used by Xcode 'outputs' to avoid re-running this script phase.\necho \"SUCCESS\" > \"${SCRIPT_OUTPUT_FILE_0}\"\n";
			showEnvVarsInLog = 0;
		};
		5E7388639B8DDFAA89F3AD74 /* [CP] Check Pods Manifest.lock */ = {
			isa = PBXShellScriptBuildPhase;
			buildActionMask = 2147483647;
			files = (
			);
			inputFileListPaths = (
			);
			inputPaths = (
				"${PODS_PODFILE_DIR_PATH}/Podfile.lock",
				"${PODS_ROOT}/Manifest.lock",
			);
			name = "[CP] Check Pods Manifest.lock";
			outputFileListPaths = (
			);
			outputPaths = (
				"$(DERIVED_FILE_DIR)/Pods-RJAudioTestDemoTests-checkManifestLockResult.txt",
			);
			runOnlyForDeploymentPostprocessing = 0;
			shellPath = /bin/sh;
			shellScript = "diff \"${PODS_PODFILE_DIR_PATH}/Podfile.lock\" \"${PODS_ROOT}/Manifest.lock\" > /dev/null\nif [ $? != 0 ] ; then\n    # print error to STDERR\n    echo \"error: The sandbox is not in sync with the Podfile.lock. Run 'pod install' or update your CocoaPods installation.\" >&2\n    exit 1\nfi\n# This output is used by Xcode 'outputs' to avoid re-running this script phase.\necho \"SUCCESS\" > \"${SCRIPT_OUTPUT_FILE_0}\"\n";
			showEnvVarsInLog = 0;
		};
/* End PBXShellScriptBuildPhase section */

/* Begin PBXSourcesBuildPhase section */
		BFD869EF24CEBEDC00520011 /* Sources */ = {
			isa = PBXSourcesBuildPhase;
			buildActionMask = 2147483647;
			files = (
				BF3FBF6724DAAB970014E592 /* RJAudioRemoteControlHelper.m in Sources */,
				BF2953A424E3D2B2002AE0A5 /* RJAudioColumnItem.m in Sources */,
				BFD869FE24CEBEDC00520011 /* ViewController.m in Sources */,
				BF42674C24D2B44100611045 /* RJAudioPlayer.m in Sources */,
				BF42674F24D2B45800611045 /* RJAudioPlayerViewController.m in Sources */,
				BF7D469C24E22EAE0004B320 /* RJAudioPlayMenuViewController.m in Sources */,
				BF7D469F24E232350004B320 /* UIView+RJAudioFrame.m in Sources */,
				BF6C598924CFD08200C591BA /* RJPerson.m in Sources */,
				BF29539D24E3C236002AE0A5 /* RJAudioMiniSoundColumnView.m in Sources */,
				BFF3E84124D3FEF200CBA623 /* RJAudioPlayerControlView.m in Sources */,
				BF56402624D003EB00C1BFB3 /* RJLargeTapRangeButton.m in Sources */,
				BF609FF024D3CAFC009FE5E4 /* RJCMTimeTestViewController.m in Sources */,
				BF29539724E3895F002AE0A5 /* RJAudioListViewController.m in Sources */,
				BFB84EB924DD308F007D10D4 /* RJAnchorPointViewController.m in Sources */,
				BF150A4924E28B5700065072 /* RJAudioSoundColumnView.m in Sources */,
				BF8E861224D95F80003225EE /* RJAudioAssertItem.m in Sources */,
				BF29539A24E39499002AE0A5 /* RJAudioPlayerMiniControlView.m in Sources */,
				BFFEAD8D24D80EC10089A462 /* RJAudioPlayerController.m in Sources */,
				BFD869F824CEBEDC00520011 /* AppDelegate.m in Sources */,
				BF8E860C24D8FDA8003225EE /* RJAudioGlobalConst.m in Sources */,
				BFD86A0924CEBEDD00520011 /* main.m in Sources */,
				BFF3E84424D40ECF00CBA623 /* RJSliderView.m in Sources */,
				BFD86A2D24CEBF1900520011 /* RJAudioTestViewController.m in Sources */,
				BF7D46A224E247950004B320 /* RJAudioMenuTableViewCell.m in Sources */,
			);
			runOnlyForDeploymentPostprocessing = 0;
		};
		BFD86A0A24CEBEDD00520011 /* Sources */ = {
			isa = PBXSourcesBuildPhase;
			buildActionMask = 2147483647;
			files = (
				BFD86A1324CEBEDD00520011 /* RJAudioTestDemoTests.m in Sources */,
			);
			runOnlyForDeploymentPostprocessing = 0;
		};
		BFD86A1524CEBEDD00520011 /* Sources */ = {
			isa = PBXSourcesBuildPhase;
			buildActionMask = 2147483647;
			files = (
				BFD86A1E24CEBEDD00520011 /* RJAudioTestDemoUITests.m in Sources */,
			);
			runOnlyForDeploymentPostprocessing = 0;
		};
/* End PBXSourcesBuildPhase section */

/* Begin PBXTargetDependency section */
		BFD86A1024CEBEDD00520011 /* PBXTargetDependency */ = {
			isa = PBXTargetDependency;
			target = BFD869F224CEBEDC00520011 /* RJAudioTestDemo */;
			targetProxy = BFD86A0F24CEBEDD00520011 /* PBXContainerItemProxy */;
		};
		BFD86A1B24CEBEDD00520011 /* PBXTargetDependency */ = {
			isa = PBXTargetDependency;
			target = BFD869F224CEBEDC00520011 /* RJAudioTestDemo */;
			targetProxy = BFD86A1A24CEBEDD00520011 /* PBXContainerItemProxy */;
		};
/* End PBXTargetDependency section */

/* Begin PBXVariantGroup section */
		BFD869FF24CEBEDC00520011 /* Main.storyboard */ = {
			isa = PBXVariantGroup;
			children = (
				BFD86A0024CEBEDC00520011 /* Base */,
			);
			name = Main.storyboard;
			sourceTree = "<group>";
		};
		BFD86A0424CEBEDD00520011 /* LaunchScreen.storyboard */ = {
			isa = PBXVariantGroup;
			children = (
				BFD86A0524CEBEDD00520011 /* Base */,
			);
			name = LaunchScreen.storyboard;
			sourceTree = "<group>";
		};
/* End PBXVariantGroup section */

/* Begin XCBuildConfiguration section */
		BFD86A2024CEBEDD00520011 /* Debug */ = {
			isa = XCBuildConfiguration;
			buildSettings = {
				ALWAYS_SEARCH_USER_PATHS = NO;
				CLANG_ANALYZER_NONNULL = YES;
				CLANG_ANALYZER_NUMBER_OBJECT_CONVERSION = YES_AGGRESSIVE;
				CLANG_CXX_LANGUAGE_STANDARD = "gnu++14";
				CLANG_CXX_LIBRARY = "libc++";
				CLANG_ENABLE_MODULES = YES;
				CLANG_ENABLE_OBJC_ARC = YES;
				CLANG_ENABLE_OBJC_WEAK = YES;
				CLANG_WARN_BLOCK_CAPTURE_AUTORELEASING = YES;
				CLANG_WARN_BOOL_CONVERSION = YES;
				CLANG_WARN_COMMA = YES;
				CLANG_WARN_CONSTANT_CONVERSION = YES;
				CLANG_WARN_DEPRECATED_OBJC_IMPLEMENTATIONS = YES;
				CLANG_WARN_DIRECT_OBJC_ISA_USAGE = YES_ERROR;
				CLANG_WARN_DOCUMENTATION_COMMENTS = YES;
				CLANG_WARN_EMPTY_BODY = YES;
				CLANG_WARN_ENUM_CONVERSION = YES;
				CLANG_WARN_INFINITE_RECURSION = YES;
				CLANG_WARN_INT_CONVERSION = YES;
				CLANG_WARN_NON_LITERAL_NULL_CONVERSION = YES;
				CLANG_WARN_OBJC_IMPLICIT_RETAIN_SELF = YES;
				CLANG_WARN_OBJC_LITERAL_CONVERSION = YES;
				CLANG_WARN_OBJC_ROOT_CLASS = YES_ERROR;
				CLANG_WARN_RANGE_LOOP_ANALYSIS = YES;
				CLANG_WARN_STRICT_PROTOTYPES = YES;
				CLANG_WARN_SUSPICIOUS_MOVE = YES;
				CLANG_WARN_UNGUARDED_AVAILABILITY = YES_AGGRESSIVE;
				CLANG_WARN_UNREACHABLE_CODE = YES;
				CLANG_WARN__DUPLICATE_METHOD_MATCH = YES;
				COPY_PHASE_STRIP = NO;
				DEBUG_INFORMATION_FORMAT = dwarf;
				ENABLE_STRICT_OBJC_MSGSEND = YES;
				ENABLE_TESTABILITY = YES;
				GCC_C_LANGUAGE_STANDARD = gnu11;
				GCC_DYNAMIC_NO_PIC = NO;
				GCC_NO_COMMON_BLOCKS = YES;
				GCC_OPTIMIZATION_LEVEL = 0;
				GCC_PREPROCESSOR_DEFINITIONS = (
					"DEBUG=1",
					"$(inherited)",
				);
				GCC_WARN_64_TO_32_BIT_CONVERSION = YES;
				GCC_WARN_ABOUT_RETURN_TYPE = YES_ERROR;
				GCC_WARN_UNDECLARED_SELECTOR = YES;
				GCC_WARN_UNINITIALIZED_AUTOS = YES_AGGRESSIVE;
				GCC_WARN_UNUSED_FUNCTION = YES;
				GCC_WARN_UNUSED_VARIABLE = YES;
				IPHONEOS_DEPLOYMENT_TARGET = 13.6;
				MTL_ENABLE_DEBUG_INFO = INCLUDE_SOURCE;
				MTL_FAST_MATH = YES;
				ONLY_ACTIVE_ARCH = YES;
				SDKROOT = iphoneos;
			};
			name = Debug;
		};
		BFD86A2124CEBEDD00520011 /* Release */ = {
			isa = XCBuildConfiguration;
			buildSettings = {
				ALWAYS_SEARCH_USER_PATHS = NO;
				CLANG_ANALYZER_NONNULL = YES;
				CLANG_ANALYZER_NUMBER_OBJECT_CONVERSION = YES_AGGRESSIVE;
				CLANG_CXX_LANGUAGE_STANDARD = "gnu++14";
				CLANG_CXX_LIBRARY = "libc++";
				CLANG_ENABLE_MODULES = YES;
				CLANG_ENABLE_OBJC_ARC = YES;
				CLANG_ENABLE_OBJC_WEAK = YES;
				CLANG_WARN_BLOCK_CAPTURE_AUTORELEASING = YES;
				CLANG_WARN_BOOL_CONVERSION = YES;
				CLANG_WARN_COMMA = YES;
				CLANG_WARN_CONSTANT_CONVERSION = YES;
				CLANG_WARN_DEPRECATED_OBJC_IMPLEMENTATIONS = YES;
				CLANG_WARN_DIRECT_OBJC_ISA_USAGE = YES_ERROR;
				CLANG_WARN_DOCUMENTATION_COMMENTS = YES;
				CLANG_WARN_EMPTY_BODY = YES;
				CLANG_WARN_ENUM_CONVERSION = YES;
				CLANG_WARN_INFINITE_RECURSION = YES;
				CLANG_WARN_INT_CONVERSION = YES;
				CLANG_WARN_NON_LITERAL_NULL_CONVERSION = YES;
				CLANG_WARN_OBJC_IMPLICIT_RETAIN_SELF = YES;
				CLANG_WARN_OBJC_LITERAL_CONVERSION = YES;
				CLANG_WARN_OBJC_ROOT_CLASS = YES_ERROR;
				CLANG_WARN_RANGE_LOOP_ANALYSIS = YES;
				CLANG_WARN_STRICT_PROTOTYPES = YES;
				CLANG_WARN_SUSPICIOUS_MOVE = YES;
				CLANG_WARN_UNGUARDED_AVAILABILITY = YES_AGGRESSIVE;
				CLANG_WARN_UNREACHABLE_CODE = YES;
				CLANG_WARN__DUPLICATE_METHOD_MATCH = YES;
				COPY_PHASE_STRIP = NO;
				DEBUG_INFORMATION_FORMAT = "dwarf-with-dsym";
				ENABLE_NS_ASSERTIONS = NO;
				ENABLE_STRICT_OBJC_MSGSEND = YES;
				GCC_C_LANGUAGE_STANDARD = gnu11;
				GCC_NO_COMMON_BLOCKS = YES;
				GCC_WARN_64_TO_32_BIT_CONVERSION = YES;
				GCC_WARN_ABOUT_RETURN_TYPE = YES_ERROR;
				GCC_WARN_UNDECLARED_SELECTOR = YES;
				GCC_WARN_UNINITIALIZED_AUTOS = YES_AGGRESSIVE;
				GCC_WARN_UNUSED_FUNCTION = YES;
				GCC_WARN_UNUSED_VARIABLE = YES;
				IPHONEOS_DEPLOYMENT_TARGET = 13.6;
				MTL_ENABLE_DEBUG_INFO = NO;
				MTL_FAST_MATH = YES;
				SDKROOT = iphoneos;
				VALIDATE_PRODUCT = YES;
			};
			name = Release;
		};
		BFD86A2324CEBEDD00520011 /* Debug */ = {
			isa = XCBuildConfiguration;
			baseConfigurationReference = 83AD9106C8AFE3C1F8CF3366 /* Pods-RJAudioTestDemo.debug.xcconfig */;
			buildSettings = {
				ASSETCATALOG_COMPILER_APPICON_NAME = AppIcon;
				CODE_SIGN_STYLE = Automatic;
				DEVELOPMENT_TEAM = RJ2G45B9KH;
				INFOPLIST_FILE = RJAudioTestDemo/Info.plist;
				IPHONEOS_DEPLOYMENT_TARGET = 9.0;
				LD_RUNPATH_SEARCH_PATHS = (
					"$(inherited)",
					"@executable_path/Frameworks",
				);
				PRODUCT_BUNDLE_IDENTIFIER = com.RJSoftware.RJAudioTestDemo;
				PRODUCT_NAME = "$(TARGET_NAME)";
				TARGETED_DEVICE_FAMILY = 1;
			};
			name = Debug;
		};
		BFD86A2424CEBEDD00520011 /* Release */ = {
			isa = XCBuildConfiguration;
			baseConfigurationReference = 0830FE6D153E3250A972BDAD /* Pods-RJAudioTestDemo.release.xcconfig */;
			buildSettings = {
				ASSETCATALOG_COMPILER_APPICON_NAME = AppIcon;
				CODE_SIGN_STYLE = Automatic;
				DEVELOPMENT_TEAM = RJ2G45B9KH;
				INFOPLIST_FILE = RJAudioTestDemo/Info.plist;
				IPHONEOS_DEPLOYMENT_TARGET = 9.0;
				LD_RUNPATH_SEARCH_PATHS = (
					"$(inherited)",
					"@executable_path/Frameworks",
				);
				PRODUCT_BUNDLE_IDENTIFIER = com.RJSoftware.RJAudioTestDemo;
				PRODUCT_NAME = "$(TARGET_NAME)";
				TARGETED_DEVICE_FAMILY = 1;
			};
			name = Release;
		};
		BFD86A2624CEBEDD00520011 /* Debug */ = {
			isa = XCBuildConfiguration;
			baseConfigurationReference = 765CE429D734343BA87AC882 /* Pods-RJAudioTestDemoTests.debug.xcconfig */;
			buildSettings = {
				BUNDLE_LOADER = "$(TEST_HOST)";
				CODE_SIGN_STYLE = Automatic;
				DEVELOPMENT_TEAM = RJ2G45B9KH;
				INFOPLIST_FILE = RJAudioTestDemoTests/Info.plist;
				IPHONEOS_DEPLOYMENT_TARGET = 13.6;
				LD_RUNPATH_SEARCH_PATHS = (
					"$(inherited)",
					"@executable_path/Frameworks",
					"@loader_path/Frameworks",
				);
				PRODUCT_BUNDLE_IDENTIFIER = com.RJSoftware.RJAudioTestDemoTests;
				PRODUCT_NAME = "$(TARGET_NAME)";
				TARGETED_DEVICE_FAMILY = "1,2";
				TEST_HOST = "$(BUILT_PRODUCTS_DIR)/RJAudioTestDemo.app/RJAudioTestDemo";
			};
			name = Debug;
		};
		BFD86A2724CEBEDD00520011 /* Release */ = {
			isa = XCBuildConfiguration;
			baseConfigurationReference = 0DA1D203685D40B11ECE22C5 /* Pods-RJAudioTestDemoTests.release.xcconfig */;
			buildSettings = {
				BUNDLE_LOADER = "$(TEST_HOST)";
				CODE_SIGN_STYLE = Automatic;
				DEVELOPMENT_TEAM = RJ2G45B9KH;
				INFOPLIST_FILE = RJAudioTestDemoTests/Info.plist;
				IPHONEOS_DEPLOYMENT_TARGET = 13.6;
				LD_RUNPATH_SEARCH_PATHS = (
					"$(inherited)",
					"@executable_path/Frameworks",
					"@loader_path/Frameworks",
				);
				PRODUCT_BUNDLE_IDENTIFIER = com.RJSoftware.RJAudioTestDemoTests;
				PRODUCT_NAME = "$(TARGET_NAME)";
				TARGETED_DEVICE_FAMILY = "1,2";
				TEST_HOST = "$(BUILT_PRODUCTS_DIR)/RJAudioTestDemo.app/RJAudioTestDemo";
			};
			name = Release;
		};
		BFD86A2924CEBEDD00520011 /* Debug */ = {
			isa = XCBuildConfiguration;
			baseConfigurationReference = 7715F3DC6D5B0DAD20B0A4A7 /* Pods-RJAudioTestDemoUITests.debug.xcconfig */;
			buildSettings = {
				CODE_SIGN_STYLE = Automatic;
				DEVELOPMENT_TEAM = RJ2G45B9KH;
				INFOPLIST_FILE = RJAudioTestDemoUITests/Info.plist;
				LD_RUNPATH_SEARCH_PATHS = (
					"$(inherited)",
					"@executable_path/Frameworks",
					"@loader_path/Frameworks",
				);
				PRODUCT_BUNDLE_IDENTIFIER = com.RJSoftware.RJAudioTestDemoUITests;
				PRODUCT_NAME = "$(TARGET_NAME)";
				TARGETED_DEVICE_FAMILY = "1,2";
				TEST_TARGET_NAME = RJAudioTestDemo;
			};
			name = Debug;
		};
		BFD86A2A24CEBEDD00520011 /* Release */ = {
			isa = XCBuildConfiguration;
			baseConfigurationReference = 6680220492AC9EE72A723B03 /* Pods-RJAudioTestDemoUITests.release.xcconfig */;
			buildSettings = {
				CODE_SIGN_STYLE = Automatic;
				DEVELOPMENT_TEAM = RJ2G45B9KH;
				INFOPLIST_FILE = RJAudioTestDemoUITests/Info.plist;
				LD_RUNPATH_SEARCH_PATHS = (
					"$(inherited)",
					"@executable_path/Frameworks",
					"@loader_path/Frameworks",
				);
				PRODUCT_BUNDLE_IDENTIFIER = com.RJSoftware.RJAudioTestDemoUITests;
				PRODUCT_NAME = "$(TARGET_NAME)";
				TARGETED_DEVICE_FAMILY = "1,2";
				TEST_TARGET_NAME = RJAudioTestDemo;
			};
			name = Release;
		};
/* End XCBuildConfiguration section */

/* Begin XCConfigurationList section */
		BFD869EE24CEBEDC00520011 /* Build configuration list for PBXProject "RJAudioTestDemo" */ = {
			isa = XCConfigurationList;
			buildConfigurations = (
				BFD86A2024CEBEDD00520011 /* Debug */,
				BFD86A2124CEBEDD00520011 /* Release */,
			);
			defaultConfigurationIsVisible = 0;
			defaultConfigurationName = Release;
		};
		BFD86A2224CEBEDD00520011 /* Build configuration list for PBXNativeTarget "RJAudioTestDemo" */ = {
			isa = XCConfigurationList;
			buildConfigurations = (
				BFD86A2324CEBEDD00520011 /* Debug */,
				BFD86A2424CEBEDD00520011 /* Release */,
			);
			defaultConfigurationIsVisible = 0;
			defaultConfigurationName = Release;
		};
		BFD86A2524CEBEDD00520011 /* Build configuration list for PBXNativeTarget "RJAudioTestDemoTests" */ = {
			isa = XCConfigurationList;
			buildConfigurations = (
				BFD86A2624CEBEDD00520011 /* Debug */,
				BFD86A2724CEBEDD00520011 /* Release */,
			);
			defaultConfigurationIsVisible = 0;
			defaultConfigurationName = Release;
		};
		BFD86A2824CEBEDD00520011 /* Build configuration list for PBXNativeTarget "RJAudioTestDemoUITests" */ = {
			isa = XCConfigurationList;
			buildConfigurations = (
				BFD86A2924CEBEDD00520011 /* Debug */,
				BFD86A2A24CEBEDD00520011 /* Release */,
			);
			defaultConfigurationIsVisible = 0;
			defaultConfigurationName = Release;
		};
/* End XCConfigurationList section */
	};
	rootObject = BFD869EB24CEBEDC00520011 /* Project object */;
}
